Microsoft Visual Studio Solution File, Format Version 12.00
# Visual Studio Version 16
VisualStudioVersion = 16.0.30626.31
MinimumVisualStudioVersion = 10.0.40219.1
Project("{FAE04EC0-301F-11D3-BF4B-00C04F79EFBC}") = "BlazorML5", "BlazorML5\BlazorML5.csproj", "{8DBDF0F9-9976-483B-B56F-9BD8618D7380}"
EndProject
Project("{FAE04EC0-301F-11D3-BF4B-00C04F79EFBC}") = "DemoApplication", "DemoApplication\DemoApplication.csproj", "{C6241AAA-72EE-45B6-A2A0-06BE9229BA31}"
EndProject
Global
	GlobalSection(SolutionConfigurationPlatforms) = preSolution
		Debug|Any CPU = Debug|Any CPU
		Release|Any CPU = Release|Any CPU
	EndGlobalSection
	GlobalSection(ProjectConfigurationPlatforms) = postSolution
		{8DBDF0F9-9976-483B-B56F-9BD8618D7380}.Debug|Any CPU.ActiveCfg = Debug|Any CPU
		{8DBDF0F9-9976-483B-B56F-9BD8618D7380}.Debug|Any CPU.Build.0 = Debug|Any CPU
		{8DBDF0F9-9976-483B-B56F-9BD8618D7380}.Release|Any CPU.ActiveCfg = Release|Any CPU
		{8DBDF0F9-9976-483B-B56F-9BD8618D7380}.Release|Any CPU.Build.0 = Release|Any CPU
		{C6241AAA-72EE-45B6-A2A0-06BE9229BA31}.Debug|Any CPU.ActiveCfg = Debug|Any CPU
		{C6241AAA-72EE-45B6-A2A0-06BE9229BA31}.Debug|Any CPU.Build.0 = Debug|Any CPU
		{C6241AAA-72EE-45B6-A2A0-06BE9229BA31}.Release|Any CPU.ActiveCfg = Release|Any CPU
		{C6241AAA-72EE-45B6-A2A0-06BE9229BA31}.Release|Any CPU.Build.0 = Release|Any CPU
	EndGlobalSection
	GlobalSection(SolutionProperties) = preSolution
		HideSolutionNode = FALSE
	EndGlobalSection
	GlobalSection(ExtensibilityGlobals) = postSolution
		SolutionGuid = {A407A784-2C15-4B76-97C0-EB572B63EDAF}
	EndGlobalSection
EndGlobal
