
Microsoft Visual Studio Solution File, Format Version 12.00
# Visual Studio Version 16
VisualStudioVersion = 16.0.29521.150
MinimumVisualStudioVersion = 10.0.40219.1
Project("{9A19103F-16F7-4668-BE54-9A1E7A4F7556}") = "BlazorML5", "Blazor.Extensions.ML5\BlazorML5.csproj", "{05C82435-9447-4A77-8971-B3982791688F}"
EndProject
Project("{9A19103F-16F7-4668-BE54-9A1E7A4F7556}") = "DemoApplication", "DemoApplication\DemoApplication.csproj", "{7511037A-4E42-4825-9B66-73A9FAD18B62}"
EndProject
Global
	GlobalSection(SolutionConfigurationPlatforms) = preSolution
		Debug|Any CPU = Debug|Any CPU
		Release|Any CPU = Release|Any CPU
	EndGlobalSection
	GlobalSection(ProjectConfigurationPlatforms) = postSolution
		{05C82435-9447-4A77-8971-B3982791688F}.Debug|Any CPU.ActiveCfg = Debug|Any CPU
		{05C82435-9447-4A77-8971-B3982791688F}.Debug|Any CPU.Build.0 = Debug|Any CPU
		{05C82435-9447-4A77-8971-B3982791688F}.Release|Any CPU.ActiveCfg = Release|Any CPU
		{05C82435-9447-4A77-8971-B3982791688F}.Release|Any CPU.Build.0 = Release|Any CPU
		{7511037A-4E42-4825-9B66-73A9FAD18B62}.Debug|Any CPU.ActiveCfg = Debug|Any CPU
		{7511037A-4E42-4825-9B66-73A9FAD18B62}.Debug|Any CPU.Build.0 = Debug|Any CPU
		{7511037A-4E42-4825-9B66-73A9FAD18B62}.Release|Any CPU.ActiveCfg = Release|Any CPU
		{7511037A-4E42-4825-9B66-73A9FAD18B62}.Release|Any CPU.Build.0 = Release|Any CPU
	EndGlobalSection
	GlobalSection(SolutionProperties) = preSolution
		HideSolutionNode = FALSE
	EndGlobalSection
	GlobalSection(ExtensibilityGlobals) = postSolution
		SolutionGuid = {EA03B1FB-9895-4CD7-B17C-0E95889DA9FE}
	EndGlobalSection
EndGlobal
